
Microsoft Visual Studio Solution File, Format Version 12.00
# Visual Studio Version 16
VisualStudioVersion = 16.0.31729.503
MinimumVisualStudioVersion = 10.0.40219.1
Project("{9A19103F-16F7-4668-BE54-9A1E7A4F7556}") = "Kryxivia.Shared", "Kryxivia.Shared.csproj", "{A5AB5411-F77E-4866-A0DB-6F5173BCA0CE}"
EndProject
Global
	GlobalSection(SolutionConfigurationPlatforms) = preSolution
		Debug|Any CPU = Debug|Any CPU
		Release|Any CPU = Release|Any CPU
	EndGlobalSection
	GlobalSection(ProjectConfigurationPlatforms) = postSolution
		{A5AB5411-F77E-4866-A0DB-6F5173BCA0CE}.Debug|Any CPU.ActiveCfg = Debug|Any CPU
		{A5AB5411-F77E-4866-A0DB-6F5173BCA0CE}.Debug|Any CPU.Build.0 = Debug|Any CPU
		{A5AB5411-F77E-4866-A0DB-6F5173BCA0CE}.Release|Any CPU.ActiveCfg = Release|Any CPU
		{A5AB5411-F77E-4866-A0DB-6F5173BCA0CE}.Release|Any CPU.Build.0 = Release|Any CPU
	EndGlobalSection
	GlobalSection(SolutionProperties) = preSolution
		HideSolutionNode = FALSE
	EndGlobalSection
	GlobalSection(ExtensibilityGlobals) = postSolution
		SolutionGuid = {510D5CE2-08FE-4E92-98DA-CDB74C72777C}
	EndGlobalSection
EndGlobal
